
Microsoft Visual Studio Solution File, Format Version 12.00
# Visual Studio Version 17
VisualStudioVersion = 17.3.32922.545
MinimumVisualStudioVersion = 10.0.40219.1
Project("{9A19103F-16F7-4668-BE54-9A1E7A4F7556}") = "ArrayConsoleApp", "ArrayConsoleApp\ArrayConsoleApp.csproj", "{F7660E81-0EFD-4049-A65E-D2DF827D8975}"
EndProject
Project("{9A19103F-16F7-4668-BE54-9A1E7A4F7556}") = "ArrayTests", "ArrayTests\ArrayTests.csproj", "{A56BDAED-79B4-44AE-A85E-27930F5475D4}"
EndProject
Project("{9A19103F-16F7-4668-BE54-9A1E7A4F7556}") = "Array", "Array\Array.csproj", "{85B445FC-CF30-4FA0-B78D-FE43D4950E93}"
EndProject
Project("{9A19103F-16F7-4668-BE54-9A1E7A4F7556}") = "CollectionConsoleApp", "CollectionConsoleApp\CollectionConsoleApp.csproj", "{E7ECB6FD-78DA-4336-ADC8-F05F8C0AB1F3}"
EndProject
Project("{9A19103F-16F7-4668-BE54-9A1E7A4F7556}") = "CollectionTests", "CollectionTests\CollectionTests.csproj", "{FFC44D27-8489-4BD0-933A-7AD178CBE9B0}"
EndProject
Project("{2150E333-8FDC-42A3-9474-1A3956D46DE8}") = "LinkedList", "LinkedList", "{F02C7982-ECFC-4452-82EF-3DAACCAFEB8B}"
EndProject
Project("{9A19103F-16F7-4668-BE54-9A1E7A4F7556}") = "LinkedList", "LinkedList\LinkedList.csproj", "{EDFC65A1-F9EC-4058-8366-E260D05BF84D}"
EndProject
Project("{9A19103F-16F7-4668-BE54-9A1E7A4F7556}") = "LinkedListConsoleApp", "LinkedListConsoleApp\LinkedListConsoleApp.csproj", "{6E57B74C-7B6C-4E70-AE06-E767DE6077C9}"
EndProject
Project("{9A19103F-16F7-4668-BE54-9A1E7A4F7556}") = "SinglyLinkedListTests", "SinglyLinkedListTests\SinglyLinkedListTests.csproj", "{D3E1E9C9-F004-4FB8-B929-63C020C61409}"
EndProject
Project("{2150E333-8FDC-42A3-9474-1A3956D46DE8}") = "Arr", "Arr", "{D8CA3F01-41D3-4699-B226-0F623C6499A7}"
EndProject
Project("{2150E333-8FDC-42A3-9474-1A3956D46DE8}") = "Collections", "Collections", "{3F5DBCB6-1C9A-4D07-8A52-E0352162BA9A}"
EndProject
Project("{FAE04EC0-301F-11D3-BF4B-00C04F79EFBC}") = "DoublyLinkedListTest", "DoublyLinkedListTest\DoublyLinkedListTest.csproj", "{96B221B4-31E8-4901-9031-D1C35C1567AD}"
EndProject
Project("{FAE04EC0-301F-11D3-BF4B-00C04F79EFBC}") = "Stack", "Stack\Stack.csproj", "{D0203102-08D3-4E5D-ADF2-E959D2E9EA34}"
EndProject
Project("{2150E333-8FDC-42A3-9474-1A3956D46DE8}") = "Stck", "Stck", "{BA66AAFB-B2E8-4FDA-86B1-BAD4A87EF1E0}"
EndProject
Project("{FAE04EC0-301F-11D3-BF4B-00C04F79EFBC}") = "StackTests", "StackTests\StackTests.csproj", "{6988932F-9827-48E3-8518-0322A3B35D5E}"
EndProject
Global
	GlobalSection(SolutionConfigurationPlatforms) = preSolution
		Debug|Any CPU = Debug|Any CPU
		Release|Any CPU = Release|Any CPU
	EndGlobalSection
	GlobalSection(ProjectConfigurationPlatforms) = postSolution
		{F7660E81-0EFD-4049-A65E-D2DF827D8975}.Debug|Any CPU.ActiveCfg = Debug|Any CPU
		{F7660E81-0EFD-4049-A65E-D2DF827D8975}.Debug|Any CPU.Build.0 = Debug|Any CPU
		{F7660E81-0EFD-4049-A65E-D2DF827D8975}.Release|Any CPU.ActiveCfg = Release|Any CPU
		{F7660E81-0EFD-4049-A65E-D2DF827D8975}.Release|Any CPU.Build.0 = Release|Any CPU
		{A56BDAED-79B4-44AE-A85E-27930F5475D4}.Debug|Any CPU.ActiveCfg = Debug|Any CPU
		{A56BDAED-79B4-44AE-A85E-27930F5475D4}.Debug|Any CPU.Build.0 = Debug|Any CPU
		{A56BDAED-79B4-44AE-A85E-27930F5475D4}.Release|Any CPU.ActiveCfg = Release|Any CPU
		{A56BDAED-79B4-44AE-A85E-27930F5475D4}.Release|Any CPU.Build.0 = Release|Any CPU
		{85B445FC-CF30-4FA0-B78D-FE43D4950E93}.Debug|Any CPU.ActiveCfg = Debug|Any CPU
		{85B445FC-CF30-4FA0-B78D-FE43D4950E93}.Debug|Any CPU.Build.0 = Debug|Any CPU
		{85B445FC-CF30-4FA0-B78D-FE43D4950E93}.Release|Any CPU.ActiveCfg = Release|Any CPU
		{85B445FC-CF30-4FA0-B78D-FE43D4950E93}.Release|Any CPU.Build.0 = Release|Any CPU
		{E7ECB6FD-78DA-4336-ADC8-F05F8C0AB1F3}.Debug|Any CPU.ActiveCfg = Debug|Any CPU
		{E7ECB6FD-78DA-4336-ADC8-F05F8C0AB1F3}.Debug|Any CPU.Build.0 = Debug|Any CPU
		{E7ECB6FD-78DA-4336-ADC8-F05F8C0AB1F3}.Release|Any CPU.ActiveCfg = Release|Any CPU
		{E7ECB6FD-78DA-4336-ADC8-F05F8C0AB1F3}.Release|Any CPU.Build.0 = Release|Any CPU
		{FFC44D27-8489-4BD0-933A-7AD178CBE9B0}.Debug|Any CPU.ActiveCfg = Debug|Any CPU
		{FFC44D27-8489-4BD0-933A-7AD178CBE9B0}.Debug|Any CPU.Build.0 = Debug|Any CPU
		{FFC44D27-8489-4BD0-933A-7AD178CBE9B0}.Release|Any CPU.ActiveCfg = Release|Any CPU
		{FFC44D27-8489-4BD0-933A-7AD178CBE9B0}.Release|Any CPU.Build.0 = Release|Any CPU
		{EDFC65A1-F9EC-4058-8366-E260D05BF84D}.Debug|Any CPU.ActiveCfg = Debug|Any CPU
		{EDFC65A1-F9EC-4058-8366-E260D05BF84D}.Debug|Any CPU.Build.0 = Debug|Any CPU
		{EDFC65A1-F9EC-4058-8366-E260D05BF84D}.Release|Any CPU.ActiveCfg = Release|Any CPU
		{EDFC65A1-F9EC-4058-8366-E260D05BF84D}.Release|Any CPU.Build.0 = Release|Any CPU
		{6E57B74C-7B6C-4E70-AE06-E767DE6077C9}.Debug|Any CPU.ActiveCfg = Debug|Any CPU
		{6E57B74C-7B6C-4E70-AE06-E767DE6077C9}.Debug|Any CPU.Build.0 = Debug|Any CPU
		{6E57B74C-7B6C-4E70-AE06-E767DE6077C9}.Release|Any CPU.ActiveCfg = Release|Any CPU
		{6E57B74C-7B6C-4E70-AE06-E767DE6077C9}.Release|Any CPU.Build.0 = Release|Any CPU
		{D3E1E9C9-F004-4FB8-B929-63C020C61409}.Debug|Any CPU.ActiveCfg = Debug|Any CPU
		{D3E1E9C9-F004-4FB8-B929-63C020C61409}.Debug|Any CPU.Build.0 = Debug|Any CPU
		{D3E1E9C9-F004-4FB8-B929-63C020C61409}.Release|Any CPU.ActiveCfg = Release|Any CPU
		{D3E1E9C9-F004-4FB8-B929-63C020C61409}.Release|Any CPU.Build.0 = Release|Any CPU
		{96B221B4-31E8-4901-9031-D1C35C1567AD}.Debug|Any CPU.ActiveCfg = Debug|Any CPU
		{96B221B4-31E8-4901-9031-D1C35C1567AD}.Debug|Any CPU.Build.0 = Debug|Any CPU
		{96B221B4-31E8-4901-9031-D1C35C1567AD}.Release|Any CPU.ActiveCfg = Release|Any CPU
		{96B221B4-31E8-4901-9031-D1C35C1567AD}.Release|Any CPU.Build.0 = Release|Any CPU
		{D0203102-08D3-4E5D-ADF2-E959D2E9EA34}.Debug|Any CPU.ActiveCfg = Debug|Any CPU
		{D0203102-08D3-4E5D-ADF2-E959D2E9EA34}.Debug|Any CPU.Build.0 = Debug|Any CPU
		{D0203102-08D3-4E5D-ADF2-E959D2E9EA34}.Release|Any CPU.ActiveCfg = Release|Any CPU
		{D0203102-08D3-4E5D-ADF2-E959D2E9EA34}.Release|Any CPU.Build.0 = Release|Any CPU
		{6988932F-9827-48E3-8518-0322A3B35D5E}.Debug|Any CPU.ActiveCfg = Debug|Any CPU
		{6988932F-9827-48E3-8518-0322A3B35D5E}.Debug|Any CPU.Build.0 = Debug|Any CPU
		{6988932F-9827-48E3-8518-0322A3B35D5E}.Release|Any CPU.ActiveCfg = Release|Any CPU
		{6988932F-9827-48E3-8518-0322A3B35D5E}.Release|Any CPU.Build.0 = Release|Any CPU
	EndGlobalSection
	GlobalSection(SolutionProperties) = preSolution
		HideSolutionNode = FALSE
	EndGlobalSection
	GlobalSection(NestedProjects) = preSolution
		{F7660E81-0EFD-4049-A65E-D2DF827D8975} = {D8CA3F01-41D3-4699-B226-0F623C6499A7}
		{A56BDAED-79B4-44AE-A85E-27930F5475D4} = {D8CA3F01-41D3-4699-B226-0F623C6499A7}
		{85B445FC-CF30-4FA0-B78D-FE43D4950E93} = {D8CA3F01-41D3-4699-B226-0F623C6499A7}
		{E7ECB6FD-78DA-4336-ADC8-F05F8C0AB1F3} = {3F5DBCB6-1C9A-4D07-8A52-E0352162BA9A}
		{FFC44D27-8489-4BD0-933A-7AD178CBE9B0} = {3F5DBCB6-1C9A-4D07-8A52-E0352162BA9A}
		{EDFC65A1-F9EC-4058-8366-E260D05BF84D} = {F02C7982-ECFC-4452-82EF-3DAACCAFEB8B}
		{6E57B74C-7B6C-4E70-AE06-E767DE6077C9} = {F02C7982-ECFC-4452-82EF-3DAACCAFEB8B}
		{D3E1E9C9-F004-4FB8-B929-63C020C61409} = {F02C7982-ECFC-4452-82EF-3DAACCAFEB8B}
		{96B221B4-31E8-4901-9031-D1C35C1567AD} = {F02C7982-ECFC-4452-82EF-3DAACCAFEB8B}
		{D0203102-08D3-4E5D-ADF2-E959D2E9EA34} = {BA66AAFB-B2E8-4FDA-86B1-BAD4A87EF1E0}
		{6988932F-9827-48E3-8518-0322A3B35D5E} = {BA66AAFB-B2E8-4FDA-86B1-BAD4A87EF1E0}
	EndGlobalSection
	GlobalSection(ExtensibilityGlobals) = postSolution
		SolutionGuid = {AB44633A-893E-45E9-9F0C-A2323AE636E8}
	EndGlobalSection
EndGlobal
