
Microsoft Visual Studio Solution File, Format Version 12.00
# Visual Studio Version 17
VisualStudioVersion = 17.3.32922.545
MinimumVisualStudioVersion = 10.0.40219.1
Project("{FAE04EC0-301F-11D3-BF4B-00C04F79EFBC}") = "OBS", "OBS\OBS.csproj", "{8AED5E28-0760-46F9-BDD9-86257B54B0DD}"
EndProject
Global
	GlobalSection(SolutionConfigurationPlatforms) = preSolution
		Debug|Any CPU = Debug|Any CPU
		Release|Any CPU = Release|Any CPU
	EndGlobalSection
	GlobalSection(ProjectConfigurationPlatforms) = postSolution
		{8AED5E28-0760-46F9-BDD9-86257B54B0DD}.Debug|Any CPU.ActiveCfg = Debug|Any CPU
		{8AED5E28-0760-46F9-BDD9-86257B54B0DD}.Debug|Any CPU.Build.0 = Debug|Any CPU
		{8AED5E28-0760-46F9-BDD9-86257B54B0DD}.Release|Any CPU.ActiveCfg = Release|Any CPU
		{8AED5E28-0760-46F9-BDD9-86257B54B0DD}.Release|Any CPU.Build.0 = Release|Any CPU
	EndGlobalSection
	GlobalSection(SolutionProperties) = preSolution
		HideSolutionNode = FALSE
	EndGlobalSection
	GlobalSection(ExtensibilityGlobals) = postSolution
		SolutionGuid = {5DF63B4D-61F0-4279-B719-A1F3408F3D6E}
	EndGlobalSection
EndGlobal
